version: 1.0
shards:
  callback:
    github: mosop/callback
    version: 0.6.3

  cli:
    github: amberframework/cli
    commit: 2e6cfa453306a6841aa645f73666c2054f5eba74

  optarg:
    github: mosop/optarg
    version: 0.5.8

  string_inflection:
    github: mosop/string_inflection
    version: 0.2.1

